// !$*UTF8*$!
{
	archiveVersion = 1;
	classes = {
	};
	objectVersion = 50;
	objects = {

/* Begin PBXBuildFile section */
		0C8C00E322711B8B0047EB18 /* AppDelegate.swift in Sources */ = {isa = PBXBuildFile; fileRef = 0C8C00E222711B8B0047EB18 /* AppDelegate.swift */; };
		0C8C00E522711B8B0047EB18 /* ShowDetailVC.swift in Sources */ = {isa = PBXBuildFile; fileRef = 0C8C00E422711B8B0047EB18 /* ShowDetailVC.swift */; };
		0C8C00E822711B8B0047EB18 /* Main.storyboard in Resources */ = {isa = PBXBuildFile; fileRef = 0C8C00E622711B8B0047EB18 /* Main.storyboard */; };
		0C8C00EA22711B8C0047EB18 /* Assets.xcassets in Resources */ = {isa = PBXBuildFile; fileRef = 0C8C00E922711B8C0047EB18 /* Assets.xcassets */; };
		0C8C00ED22711B8C0047EB18 /* LaunchScreen.storyboard in Resources */ = {isa = PBXBuildFile; fileRef = 0C8C00EB22711B8C0047EB18 /* LaunchScreen.storyboard */; };
		0C8C00F822711B8C0047EB18 /* Assignment4Tests.swift in Sources */ = {isa = PBXBuildFile; fileRef = 0C8C00F722711B8C0047EB18 /* Assignment4Tests.swift */; };
		0C8C010322711B8C0047EB18 /* Assignment4UITests.swift in Sources */ = {isa = PBXBuildFile; fileRef = 0C8C010222711B8C0047EB18 /* Assignment4UITests.swift */; };
		0C8C011222711D440047EB18 /* CityViewController.swift in Sources */ = {isa = PBXBuildFile; fileRef = 0C8C011122711D440047EB18 /* CityViewController.swift */; };
		0C8C011422711DFD0047EB18 /* City.swift in Sources */ = {isa = PBXBuildFile; fileRef = 0C8C011322711DFD0047EB18 /* City.swift */; };
		0C8C011922712BBD0047EB18 /* DetailViewController.swift in Sources */ = {isa = PBXBuildFile; fileRef = 0C8C011822712BBD0047EB18 /* DetailViewController.swift */; };
/* End PBXBuildFile section */

/* Begin PBXContainerItemProxy section */
		0C8C00F422711B8C0047EB18 /* PBXContainerItemProxy */ = {
			isa = PBXContainerItemProxy;
			containerPortal = 0C8C00D722711B8B0047EB18 /* Project object */;
			proxyType = 1;
			remoteGlobalIDString = 0C8C00DE22711B8B0047EB18;
			remoteInfo = Assignment4;
		};
		0C8C00FF22711B8C0047EB18 /* PBXContainerItemProxy */ = {
			isa = PBXContainerItemProxy;
			containerPortal = 0C8C00D722711B8B0047EB18 /* Project object */;
			proxyType = 1;
			remoteGlobalIDString = 0C8C00DE22711B8B0047EB18;
			remoteInfo = Assignment4;
		};
/* End PBXContainerItemProxy section */

/* Begin PBXFileReference section */
		0C8C00DF22711B8B0047EB18 /* Assignment4.app */ = {isa = PBXFileReference; explicitFileType = wrapper.application; includeInIndex = 0; path = Assignment4.app; sourceTree = BUILT_PRODUCTS_DIR; };
		0C8C00E222711B8B0047EB18 /* AppDelegate.swift */ = {isa = PBXFileReference; lastKnownFileType = sourcecode.swift; path = AppDelegate.swift; sourceTree = "<group>"; };
		0C8C00E422711B8B0047EB18 /* ShowDetailVC.swift */ = {isa = PBXFileReference; lastKnownFileType = sourcecode.swift; path = ShowDetailVC.swift; sourceTree = "<group>"; };
		0C8C00E722711B8B0047EB18 /* Base */ = {isa = PBXFileReference; lastKnownFileType = file.storyboard; name = Base; path = Base.lproj/Main.storyboard; sourceTree = "<group>"; };
		0C8C00E922711B8C0047EB18 /* Assets.xcassets */ = {isa = PBXFileReference; lastKnownFileType = folder.assetcatalog; path = Assets.xcassets; sourceTree = "<group>"; };
		0C8C00EC22711B8C0047EB18 /* Base */ = {isa = PBXFileReference; lastKnownFileType = file.storyboard; name = Base; path = Base.lproj/LaunchScreen.storyboard; sourceTree = "<group>"; };
		0C8C00EE22711B8C0047EB18 /* Info.plist */ = {isa = PBXFileReference; lastKnownFileType = text.plist.xml; path = Info.plist; sourceTree = "<group>"; };
		0C8C00F322711B8C0047EB18 /* Assignment4Tests.xctest */ = {isa = PBXFileReference; explicitFileType = wrapper.cfbundle; includeInIndex = 0; path = Assignment4Tests.xctest; sourceTree = BUILT_PRODUCTS_DIR; };
		0C8C00F722711B8C0047EB18 /* Assignment4Tests.swift */ = {isa = PBXFileReference; lastKnownFileType = sourcecode.swift; path = Assignment4Tests.swift; sourceTree = "<group>"; };
		0C8C00F922711B8C0047EB18 /* Info.plist */ = {isa = PBXFileReference; lastKnownFileType = text.plist.xml; path = Info.plist; sourceTree = "<group>"; };
		0C8C00FE22711B8C0047EB18 /* Assignment4UITests.xctest */ = {isa = PBXFileReference; explicitFileType = wrapper.cfbundle; includeInIndex = 0; path = Assignment4UITests.xctest; sourceTree = BUILT_PRODUCTS_DIR; };
		0C8C010222711B8C0047EB18 /* Assignment4UITests.swift */ = {isa = PBXFileReference; lastKnownFileType = sourcecode.swift; path = Assignment4UITests.swift; sourceTree = "<group>"; };
		0C8C010422711B8C0047EB18 /* Info.plist */ = {isa = PBXFileReference; lastKnownFileType = text.plist.xml; path = Info.plist; sourceTree = "<group>"; };
		0C8C011122711D440047EB18 /* CityViewController.swift */ = {isa = PBXFileReference; lastKnownFileType = sourcecode.swift; path = CityViewController.swift; sourceTree = "<group>"; };
		0C8C011322711DFD0047EB18 /* City.swift */ = {isa = PBXFileReference; lastKnownFileType = sourcecode.swift; path = City.swift; sourceTree = "<group>"; };
		0C8C011822712BBD0047EB18 /* DetailViewController.swift */ = {isa = PBXFileReference; lastKnownFileType = sourcecode.swift; path = DetailViewController.swift; sourceTree = "<group>"; };
/* End PBXFileReference section */

/* Begin PBXFrameworksBuildPhase section */
		0C8C00DC22711B8B0047EB18 /* Frameworks */ = {
			isa = PBXFrameworksBuildPhase;
			buildActionMask = 2147483647;
			files = (
			);
			runOnlyForDeploymentPostprocessing = 0;
		};
		0C8C00F022711B8C0047EB18 /* Frameworks */ = {
			isa = PBXFrameworksBuildPhase;
			buildActionMask = 2147483647;
			files = (
			);
			runOnlyForDeploymentPostprocessing = 0;
		};
		0C8C00FB22711B8C0047EB18 /* Frameworks */ = {
			isa = PBXFrameworksBuildPhase;
			buildActionMask = 2147483647;
			files = (
			);
			runOnlyForDeploymentPostprocessing = 0;
		};
/* End PBXFrameworksBuildPhase section */

/* Begin PBXGroup section */
		0C8C00D622711B8B0047EB18 = {
			isa = PBXGroup;
			children = (
				0C8C00E122711B8B0047EB18 /* Assignment4 */,
				0C8C00F622711B8C0047EB18 /* Assignment4Tests */,
				0C8C010122711B8C0047EB18 /* Assignment4UITests */,
				0C8C00E022711B8B0047EB18 /* Products */,
			);
			sourceTree = "<group>";
		};
		0C8C00E022711B8B0047EB18 /* Products */ = {
			isa = PBXGroup;
			children = (
				0C8C00DF22711B8B0047EB18 /* Assignment4.app */,
				0C8C00F322711B8C0047EB18 /* Assignment4Tests.xctest */,
				0C8C00FE22711B8C0047EB18 /* Assignment4UITests.xctest */,
			);
			name = Products;
			sourceTree = "<group>";
		};
		0C8C00E122711B8B0047EB18 /* Assignment4 */ = {
			isa = PBXGroup;
			children = (
				0C8C011022711BD70047EB18 /* AssistantFiles */,
				0C8C00E422711B8B0047EB18 /* ShowDetailVC.swift */,
				0C8C011522711E4E0047EB18 /* Model */,
				0C8C011122711D440047EB18 /* CityViewController.swift */,
				0C8C00E622711B8B0047EB18 /* Main.storyboard */,
				0C8C011822712BBD0047EB18 /* DetailViewController.swift */,
				0C8C00EE22711B8C0047EB18 /* Info.plist */,
			);
			path = Assignment4;
			sourceTree = "<group>";
		};
		0C8C00F622711B8C0047EB18 /* Assignment4Tests */ = {
			isa = PBXGroup;
			children = (
				0C8C00F722711B8C0047EB18 /* Assignment4Tests.swift */,
				0C8C00F922711B8C0047EB18 /* Info.plist */,
			);
			path = Assignment4Tests;
			sourceTree = "<group>";
		};
		0C8C010122711B8C0047EB18 /* Assignment4UITests */ = {
			isa = PBXGroup;
			children = (
				0C8C010222711B8C0047EB18 /* Assignment4UITests.swift */,
				0C8C010422711B8C0047EB18 /* Info.plist */,
			);
			path = Assignment4UITests;
			sourceTree = "<group>";
		};
		0C8C011022711BD70047EB18 /* AssistantFiles */ = {
			isa = PBXGroup;
			children = (
				0C8C00E222711B8B0047EB18 /* AppDelegate.swift */,
				0C8C00E922711B8C0047EB18 /* Assets.xcassets */,
				0C8C00EB22711B8C0047EB18 /* LaunchScreen.storyboard */,
			);
			path = AssistantFiles;
			sourceTree = "<group>";
		};
		0C8C011522711E4E0047EB18 /* Model */ = {
			isa = PBXGroup;
			children = (
				0C8C011322711DFD0047EB18 /* City.swift */,
			);
			path = Model;
			sourceTree = "<group>";
		};
/* End PBXGroup section */

/* Begin PBXNativeTarget section */
		0C8C00DE22711B8B0047EB18 /* Assignment4 */ = {
			isa = PBXNativeTarget;
			buildConfigurationList = 0C8C010722711B8C0047EB18 /* Build configuration list for PBXNativeTarget "Assignment4" */;
			buildPhases = (
				0C8C00DB22711B8B0047EB18 /* Sources */,
				0C8C00DC22711B8B0047EB18 /* Frameworks */,
				0C8C00DD22711B8B0047EB18 /* Resources */,
			);
			buildRules = (
			);
			dependencies = (
			);
			name = Assignment4;
			productName = Assignment4;
			productReference = 0C8C00DF22711B8B0047EB18 /* Assignment4.app */;
			productType = "com.apple.product-type.application";
		};
		0C8C00F222711B8C0047EB18 /* Assignment4Tests */ = {
			isa = PBXNativeTarget;
			buildConfigurationList = 0C8C010A22711B8C0047EB18 /* Build configuration list for PBXNativeTarget "Assignment4Tests" */;
			buildPhases = (
				0C8C00EF22711B8C0047EB18 /* Sources */,
				0C8C00F022711B8C0047EB18 /* Frameworks */,
				0C8C00F122711B8C0047EB18 /* Resources */,
			);
			buildRules = (
			);
			dependencies = (
				0C8C00F522711B8C0047EB18 /* PBXTargetDependency */,
			);
			name = Assignment4Tests;
			productName = Assignment4Tests;
			productReference = 0C8C00F322711B8C0047EB18 /* Assignment4Tests.xctest */;
			productType = "com.apple.product-type.bundle.unit-test";
		};
		0C8C00FD22711B8C0047EB18 /* Assignment4UITests */ = {
			isa = PBXNativeTarget;
			buildConfigurationList = 0C8C010D22711B8C0047EB18 /* Build configuration list for PBXNativeTarget "Assignment4UITests" */;
			buildPhases = (
				0C8C00FA22711B8C0047EB18 /* Sources */,
				0C8C00FB22711B8C0047EB18 /* Frameworks */,
				0C8C00FC22711B8C0047EB18 /* Resources */,
			);
			buildRules = (
			);
			dependencies = (
				0C8C010022711B8C0047EB18 /* PBXTargetDependency */,
			);
			name = Assignment4UITests;
			productName = Assignment4UITests;
			productReference = 0C8C00FE22711B8C0047EB18 /* Assignment4UITests.xctest */;
			productType = "com.apple.product-type.bundle.ui-testing";
		};
/* End PBXNativeTarget section */

/* Begin PBXProject section */
		0C8C00D722711B8B0047EB18 /* Project object */ = {
			isa = PBXProject;
			attributes = {
				LastSwiftUpdateCheck = 1020;
				LastUpgradeCheck = 1020;
				ORGANIZATIONNAME = "Kazuya Takahashi";
				TargetAttributes = {
					0C8C00DE22711B8B0047EB18 = {
						CreatedOnToolsVersion = 10.2.1;
					};
					0C8C00F222711B8C0047EB18 = {
						CreatedOnToolsVersion = 10.2.1;
						TestTargetID = 0C8C00DE22711B8B0047EB18;
					};
					0C8C00FD22711B8C0047EB18 = {
						CreatedOnToolsVersion = 10.2.1;
						TestTargetID = 0C8C00DE22711B8B0047EB18;
					};
				};
			};
			buildConfigurationList = 0C8C00DA22711B8B0047EB18 /* Build configuration list for PBXProject "Assignment4" */;
			compatibilityVersion = "Xcode 9.3";
			developmentRegion = en;
			hasScannedForEncodings = 0;
			knownRegions = (
				en,
				Base,
			);
			mainGroup = 0C8C00D622711B8B0047EB18;
			productRefGroup = 0C8C00E022711B8B0047EB18 /* Products */;
			projectDirPath = "";
			projectRoot = "";
			targets = (
				0C8C00DE22711B8B0047EB18 /* Assignment4 */,
				0C8C00F222711B8C0047EB18 /* Assignment4Tests */,
				0C8C00FD22711B8C0047EB18 /* Assignment4UITests */,
			);
		};
/* End PBXProject section */

/* Begin PBXResourcesBuildPhase section */
		0C8C00DD22711B8B0047EB18 /* Resources */ = {
			isa = PBXResourcesBuildPhase;
			buildActionMask = 2147483647;
			files = (
				0C8C00ED22711B8C0047EB18 /* LaunchScreen.storyboard in Resources */,
				0C8C00EA22711B8C0047EB18 /* Assets.xcassets in Resources */,
				0C8C00E822711B8B0047EB18 /* Main.storyboard in Resources */,
			);
			runOnlyForDeploymentPostprocessing = 0;
		};
		0C8C00F122711B8C0047EB18 /* Resources */ = {
			isa = PBXResourcesBuildPhase;
			buildActionMask = 2147483647;
			files = (
			);
			runOnlyForDeploymentPostprocessing = 0;
		};
		0C8C00FC22711B8C0047EB18 /* Resources */ = {
			isa = PBXResourcesBuildPhase;
			buildActionMask = 2147483647;
			files = (
			);
			runOnlyForDeploymentPostprocessing = 0;
		};
/* End PBXResourcesBuildPhase section */

/* Begin PBXSourcesBuildPhase section */
		0C8C00DB22711B8B0047EB18 /* Sources */ = {
			isa = PBXSourcesBuildPhase;
			buildActionMask = 2147483647;
			files = (
				0C8C00E522711B8B0047EB18 /* ShowDetailVC.swift in Sources */,
				0C8C00E322711B8B0047EB18 /* AppDelegate.swift in Sources */,
				0C8C011922712BBD0047EB18 /* DetailViewController.swift in Sources */,
				0C8C011422711DFD0047EB18 /* City.swift in Sources */,
				0C8C011222711D440047EB18 /* CityViewController.swift in Sources */,
			);
			runOnlyForDeploymentPostprocessing = 0;
		};
		0C8C00EF22711B8C0047EB18 /* Sources */ = {
			isa = PBXSourcesBuildPhase;
			buildActionMask = 2147483647;
			files = (
				0C8C00F822711B8C0047EB18 /* Assignment4Tests.swift in Sources */,
			);
			runOnlyForDeploymentPostprocessing = 0;
		};
		0C8C00FA22711B8C0047EB18 /* Sources */ = {
			isa = PBXSourcesBuildPhase;
			buildActionMask = 2147483647;
			files = (
				0C8C010322711B8C0047EB18 /* Assignment4UITests.swift in Sources */,
			);
			runOnlyForDeploymentPostprocessing = 0;
		};
/* End PBXSourcesBuildPhase section */

/* Begin PBXTargetDependency section */
		0C8C00F522711B8C0047EB18 /* PBXTargetDependency */ = {
			isa = PBXTargetDependency;
			target = 0C8C00DE22711B8B0047EB18 /* Assignment4 */;
			targetProxy = 0C8C00F422711B8C0047EB18 /* PBXContainerItemProxy */;
		};
		0C8C010022711B8C0047EB18 /* PBXTargetDependency */ = {
			isa = PBXTargetDependency;
			target = 0C8C00DE22711B8B0047EB18 /* Assignment4 */;
			targetProxy = 0C8C00FF22711B8C0047EB18 /* PBXContainerItemProxy */;
		};
/* End PBXTargetDependency section */

/* Begin PBXVariantGroup section */
		0C8C00E622711B8B0047EB18 /* Main.storyboard */ = {
			isa = PBXVariantGroup;
			children = (
				0C8C00E722711B8B0047EB18 /* Base */,
			);
			name = Main.storyboard;
			sourceTree = "<group>";
		};
		0C8C00EB22711B8C0047EB18 /* LaunchScreen.storyboard */ = {
			isa = PBXVariantGroup;
			children = (
				0C8C00EC22711B8C0047EB18 /* Base */,
			);
			name = LaunchScreen.storyboard;
			sourceTree = "<group>";
		};
/* End PBXVariantGroup section */

/* Begin XCBuildConfiguration section */
		0C8C010522711B8C0047EB18 /* Debug */ = {
			isa = XCBuildConfiguration;
			buildSettings = {
				ALWAYS_SEARCH_USER_PATHS = NO;
				CLANG_ANALYZER_NONNULL = YES;
				CLANG_ANALYZER_NUMBER_OBJECT_CONVERSION = YES_AGGRESSIVE;
				CLANG_CXX_LANGUAGE_STANDARD = "gnu++14";
				CLANG_CXX_LIBRARY = "libc++";
				CLANG_ENABLE_MODULES = YES;
				CLANG_ENABLE_OBJC_ARC = YES;
				CLANG_ENABLE_OBJC_WEAK = YES;
				CLANG_WARN_BLOCK_CAPTURE_AUTORELEASING = YES;
				CLANG_WARN_BOOL_CONVERSION = YES;
				CLANG_WARN_COMMA = YES;
				CLANG_WARN_CONSTANT_CONVERSION = YES;
				CLANG_WARN_DEPRECATED_OBJC_IMPLEMENTATIONS = YES;
				CLANG_WARN_DIRECT_OBJC_ISA_USAGE = YES_ERROR;
				CLANG_WARN_DOCUMENTATION_COMMENTS = YES;
				CLANG_WARN_EMPTY_BODY = YES;
				CLANG_WARN_ENUM_CONVERSION = YES;
				CLANG_WARN_INFINITE_RECURSION = YES;
				CLANG_WARN_INT_CONVERSION = YES;
				CLANG_WARN_NON_LITERAL_NULL_CONVERSION = YES;
				CLANG_WARN_OBJC_IMPLICIT_RETAIN_SELF = YES;
				CLANG_WARN_OBJC_LITERAL_CONVERSION = YES;
				CLANG_WARN_OBJC_ROOT_CLASS = YES_ERROR;
				CLANG_WARN_RANGE_LOOP_ANALYSIS = YES;
				CLANG_WARN_STRICT_PROTOTYPES = YES;
				CLANG_WARN_SUSPICIOUS_MOVE = YES;
				CLANG_WARN_UNGUARDED_AVAILABILITY = YES_AGGRESSIVE;
				CLANG_WARN_UNREACHABLE_CODE = YES;
				CLANG_WARN__DUPLICATE_METHOD_MATCH = YES;
				CODE_SIGN_IDENTITY = "iPhone Developer";
				COPY_PHASE_STRIP = NO;
				DEBUG_INFORMATION_FORMAT = dwarf;
				ENABLE_STRICT_OBJC_MSGSEND = YES;
				ENABLE_TESTABILITY = YES;
				GCC_C_LANGUAGE_STANDARD = gnu11;
				GCC_DYNAMIC_NO_PIC = NO;
				GCC_NO_COMMON_BLOCKS = YES;
				GCC_OPTIMIZATION_LEVEL = 0;
				GCC_PREPROCESSOR_DEFINITIONS = (
					"DEBUG=1",
					"$(inherited)",
				);
				GCC_WARN_64_TO_32_BIT_CONVERSION = YES;
				GCC_WARN_ABOUT_RETURN_TYPE = YES_ERROR;
				GCC_WARN_UNDECLARED_SELECTOR = YES;
				GCC_WARN_UNINITIALIZED_AUTOS = YES_AGGRESSIVE;
				GCC_WARN_UNUSED_FUNCTION = YES;
				GCC_WARN_UNUSED_VARIABLE = YES;
				IPHONEOS_DEPLOYMENT_TARGET = 12.2;
				MTL_ENABLE_DEBUG_INFO = INCLUDE_SOURCE;
				MTL_FAST_MATH = YES;
				ONLY_ACTIVE_ARCH = YES;
				SDKROOT = iphoneos;
				SWIFT_ACTIVE_COMPILATION_CONDITIONS = DEBUG;
				SWIFT_OPTIMIZATION_LEVEL = "-Onone";
			};
			name = Debug;
		};
		0C8C010622711B8C0047EB18 /* Release */ = {
			isa = XCBuildConfiguration;
			buildSettings = {
				ALWAYS_SEARCH_USER_PATHS = NO;
				CLANG_ANALYZER_NONNULL = YES;
				CLANG_ANALYZER_NUMBER_OBJECT_CONVERSION = YES_AGGRESSIVE;
				CLANG_CXX_LANGUAGE_STANDARD = "gnu++14";
				CLANG_CXX_LIBRARY = "libc++";
				CLANG_ENABLE_MODULES = YES;
				CLANG_ENABLE_OBJC_ARC = YES;
				CLANG_ENABLE_OBJC_WEAK = YES;
				CLANG_WARN_BLOCK_CAPTURE_AUTORELEASING = YES;
				CLANG_WARN_BOOL_CONVERSION = YES;
				CLANG_WARN_COMMA = YES;
				CLANG_WARN_CONSTANT_CONVERSION = YES;
				CLANG_WARN_DEPRECATED_OBJC_IMPLEMENTATIONS = YES;
				CLANG_WARN_DIRECT_OBJC_ISA_USAGE = YES_ERROR;
				CLANG_WARN_DOCUMENTATION_COMMENTS = YES;
				CLANG_WARN_EMPTY_BODY = YES;
				CLANG_WARN_ENUM_CONVERSION = YES;
				CLANG_WARN_INFINITE_RECURSION = YES;
				CLANG_WARN_INT_CONVERSION = YES;
				CLANG_WARN_NON_LITERAL_NULL_CONVERSION = YES;
				CLANG_WARN_OBJC_IMPLICIT_RETAIN_SELF = YES;
				CLANG_WARN_OBJC_LITERAL_CONVERSION = YES;
				CLANG_WARN_OBJC_ROOT_CLASS = YES_ERROR;
				CLANG_WARN_RANGE_LOOP_ANALYSIS = YES;
				CLANG_WARN_STRICT_PROTOTYPES = YES;
				CLANG_WARN_SUSPICIOUS_MOVE = YES;
				CLANG_WARN_UNGUARDED_AVAILABILITY = YES_AGGRESSIVE;
				CLANG_WARN_UNREACHABLE_CODE = YES;
				CLANG_WARN__DUPLICATE_METHOD_MATCH = YES;
				CODE_SIGN_IDENTITY = "iPhone Developer";
				COPY_PHASE_STRIP = NO;
				DEBUG_INFORMATION_FORMAT = "dwarf-with-dsym";
				ENABLE_NS_ASSERTIONS = NO;
				ENABLE_STRICT_OBJC_MSGSEND = YES;
				GCC_C_LANGUAGE_STANDARD = gnu11;
				GCC_NO_COMMON_BLOCKS = YES;
				GCC_WARN_64_TO_32_BIT_CONVERSION = YES;
				GCC_WARN_ABOUT_RETURN_TYPE = YES_ERROR;
				GCC_WARN_UNDECLARED_SELECTOR = YES;
				GCC_WARN_UNINITIALIZED_AUTOS = YES_AGGRESSIVE;
				GCC_WARN_UNUSED_FUNCTION = YES;
				GCC_WARN_UNUSED_VARIABLE = YES;
				IPHONEOS_DEPLOYMENT_TARGET = 12.2;
				MTL_ENABLE_DEBUG_INFO = NO;
				MTL_FAST_MATH = YES;
				SDKROOT = iphoneos;
				SWIFT_COMPILATION_MODE = wholemodule;
				SWIFT_OPTIMIZATION_LEVEL = "-O";
				VALIDATE_PRODUCT = YES;
			};
			name = Release;
		};
		0C8C010822711B8C0047EB18 /* Debug */ = {
			isa = XCBuildConfiguration;
			buildSettings = {
				ASSETCATALOG_COMPILER_APPICON_NAME = AppIcon;
				CODE_SIGN_STYLE = Automatic;
				DEVELOPMENT_TEAM = FS7Z333KZ7;
				INFOPLIST_FILE = Assignment4/Info.plist;
				LD_RUNPATH_SEARCH_PATHS = (
					"$(inherited)",
					"@executable_path/Frameworks",
				);
				PRODUCT_BUNDLE_IDENTIFIER = com.dpapp.Assignment4;
				PRODUCT_NAME = "$(TARGET_NAME)";
				SWIFT_VERSION = 5.0;
				TARGETED_DEVICE_FAMILY = "1,2";
			};
			name = Debug;
		};
		0C8C010922711B8C0047EB18 /* Release */ = {
			isa = XCBuildConfiguration;
			buildSettings = {
				ASSETCATALOG_COMPILER_APPICON_NAME = AppIcon;
				CODE_SIGN_STYLE = Automatic;
				DEVELOPMENT_TEAM = FS7Z333KZ7;
				INFOPLIST_FILE = Assignment4/Info.plist;
				LD_RUNPATH_SEARCH_PATHS = (
					"$(inherited)",
					"@executable_path/Frameworks",
				);
				PRODUCT_BUNDLE_IDENTIFIER = com.dpapp.Assignment4;
				PRODUCT_NAME = "$(TARGET_NAME)";
				SWIFT_VERSION = 5.0;
				TARGETED_DEVICE_FAMILY = "1,2";
			};
			name = Release;
		};
		0C8C010B22711B8C0047EB18 /* Debug */ = {
			isa = XCBuildConfiguration;
			buildSettings = {
				ALWAYS_EMBED_SWIFT_STANDARD_LIBRARIES = YES;
				BUNDLE_LOADER = "$(TEST_HOST)";
				CODE_SIGN_STYLE = Automatic;
				DEVELOPMENT_TEAM = FS7Z333KZ7;
				INFOPLIST_FILE = Assignment4Tests/Info.plist;
				LD_RUNPATH_SEARCH_PATHS = (
					"$(inherited)",
					"@executable_path/Frameworks",
					"@loader_path/Frameworks",
				);
				PRODUCT_BUNDLE_IDENTIFIER = com.dpapp.Assignment4Tests;
				PRODUCT_NAME = "$(TARGET_NAME)";
				SWIFT_VERSION = 5.0;
				TARGETED_DEVICE_FAMILY = "1,2";
				TEST_HOST = "$(BUILT_PRODUCTS_DIR)/Assignment4.app/Assignment4";
			};
			name = Debug;
		};
		0C8C010C22711B8C0047EB18 /* Release */ = {
			isa = XCBuildConfiguration;
			buildSettings = {
				ALWAYS_EMBED_SWIFT_STANDARD_LIBRARIES = YES;
				BUNDLE_LOADER = "$(TEST_HOST)";
				CODE_SIGN_STYLE = Automatic;
				DEVELOPMENT_TEAM = FS7Z333KZ7;
				INFOPLIST_FILE = Assignment4Tests/Info.plist;
				LD_RUNPATH_SEARCH_PATHS = (
					"$(inherited)",
					"@executable_path/Frameworks",
					"@loader_path/Frameworks",
				);
				PRODUCT_BUNDLE_IDENTIFIER = com.dpapp.Assignment4Tests;
				PRODUCT_NAME = "$(TARGET_NAME)";
				SWIFT_VERSION = 5.0;
				TARGETED_DEVICE_FAMILY = "1,2";
				TEST_HOST = "$(BUILT_PRODUCTS_DIR)/Assignment4.app/Assignment4";
			};
			name = Release;
		};
		0C8C010E22711B8C0047EB18 /* Debug */ = {
			isa = XCBuildConfiguration;
			buildSettings = {
				ALWAYS_EMBED_SWIFT_STANDARD_LIBRARIES = YES;
				CODE_SIGN_STYLE = Automatic;
				DEVELOPMENT_TEAM = FS7Z333KZ7;
				INFOPLIST_FILE = Assignment4UITests/Info.plist;
				LD_RUNPATH_SEARCH_PATHS = (
					"$(inherited)",
					"@executable_path/Frameworks",
					"@loader_path/Frameworks",
				);
				PRODUCT_BUNDLE_IDENTIFIER = com.dpapp.Assignment4UITests;
				PRODUCT_NAME = "$(TARGET_NAME)";
				SWIFT_VERSION = 5.0;
				TARGETED_DEVICE_FAMILY = "1,2";
				TEST_TARGET_NAME = Assignment4;
			};
			name = Debug;
		};
		0C8C010F22711B8C0047EB18 /* Release */ = {
			isa = XCBuildConfiguration;
			buildSettings = {
				ALWAYS_EMBED_SWIFT_STANDARD_LIBRARIES = YES;
				CODE_SIGN_STYLE = Automatic;
				DEVELOPMENT_TEAM = FS7Z333KZ7;
				INFOPLIST_FILE = Assignment4UITests/Info.plist;
				LD_RUNPATH_SEARCH_PATHS = (
					"$(inherited)",
					"@executable_path/Frameworks",
					"@loader_path/Frameworks",
				);
				PRODUCT_BUNDLE_IDENTIFIER = com.dpapp.Assignment4UITests;
				PRODUCT_NAME = "$(TARGET_NAME)";
				SWIFT_VERSION = 5.0;
				TARGETED_DEVICE_FAMILY = "1,2";
				TEST_TARGET_NAME = Assignment4;
			};
			name = Release;
		};
/* End XCBuildConfiguration section */

/* Begin XCConfigurationList section */
		0C8C00DA22711B8B0047EB18 /* Build configuration list for PBXProject "Assignment4" */ = {
			isa = XCConfigurationList;
			buildConfigurations = (
				0C8C010522711B8C0047EB18 /* Debug */,
				0C8C010622711B8C0047EB18 /* Release */,
			);
			defaultConfigurationIsVisible = 0;
			defaultConfigurationName = Release;
		};
		0C8C010722711B8C0047EB18 /* Build configuration list for PBXNativeTarget "Assignment4" */ = {
			isa = XCConfigurationList;
			buildConfigurations = (
				0C8C010822711B8C0047EB18 /* Debug */,
				0C8C010922711B8C0047EB18 /* Release */,
			);
			defaultConfigurationIsVisible = 0;
			defaultConfigurationName = Release;
		};
		0C8C010A22711B8C0047EB18 /* Build configuration list for PBXNativeTarget "Assignment4Tests" */ = {
			isa = XCConfigurationList;
			buildConfigurations = (
				0C8C010B22711B8C0047EB18 /* Debug */,
				0C8C010C22711B8C0047EB18 /* Release */,
			);
			defaultConfigurationIsVisible = 0;
			defaultConfigurationName = Release;
		};
		0C8C010D22711B8C0047EB18 /* Build configuration list for PBXNativeTarget "Assignment4UITests" */ = {
			isa = XCConfigurationList;
			buildConfigurations = (
				0C8C010E22711B8C0047EB18 /* Debug */,
				0C8C010F22711B8C0047EB18 /* Release */,
			);
			defaultConfigurationIsVisible = 0;
			defaultConfigurationName = Release;
		};
/* End XCConfigurationList section */
	};
	rootObject = 0C8C00D722711B8B0047EB18 /* Project object */;
}
