// !$*UTF8*$!
{
	archiveVersion = 1;
	classes = {
	};
	objectVersion = 50;
	objects = {

/* Begin PBXBuildFile section */
		0C84078222727444008F1AF6 /* AppDelegate.swift in Sources */ = {isa = PBXBuildFile; fileRef = 0C84078122727444008F1AF6 /* AppDelegate.swift */; };
		0C84078422727444008F1AF6 /* ViewController.swift in Sources */ = {isa = PBXBuildFile; fileRef = 0C84078322727444008F1AF6 /* ViewController.swift */; };
		0C84078722727444008F1AF6 /* Main.storyboard in Resources */ = {isa = PBXBuildFile; fileRef = 0C84078522727444008F1AF6 /* Main.storyboard */; };
		0C84078922727445008F1AF6 /* Assets.xcassets in Resources */ = {isa = PBXBuildFile; fileRef = 0C84078822727445008F1AF6 /* Assets.xcassets */; };
		0C84078C22727445008F1AF6 /* LaunchScreen.storyboard in Resources */ = {isa = PBXBuildFile; fileRef = 0C84078A22727445008F1AF6 /* LaunchScreen.storyboard */; };
		0C84079722727446008F1AF6 /* SegewayStoryBoardTests.swift in Sources */ = {isa = PBXBuildFile; fileRef = 0C84079622727446008F1AF6 /* SegewayStoryBoardTests.swift */; };
		0C8407A222727446008F1AF6 /* SegewayStoryBoardUITests.swift in Sources */ = {isa = PBXBuildFile; fileRef = 0C8407A122727446008F1AF6 /* SegewayStoryBoardUITests.swift */; };
		0C8407B02272769E008F1AF6 /* SubViewController.swift in Sources */ = {isa = PBXBuildFile; fileRef = 0C8407AF2272769E008F1AF6 /* SubViewController.swift */; };
/* End PBXBuildFile section */

/* Begin PBXContainerItemProxy section */
		0C84079322727445008F1AF6 /* PBXContainerItemProxy */ = {
			isa = PBXContainerItemProxy;
			containerPortal = 0C84077622727444008F1AF6 /* Project object */;
			proxyType = 1;
			remoteGlobalIDString = 0C84077D22727444008F1AF6;
			remoteInfo = SegewayStoryBoard;
		};
		0C84079E22727446008F1AF6 /* PBXContainerItemProxy */ = {
			isa = PBXContainerItemProxy;
			containerPortal = 0C84077622727444008F1AF6 /* Project object */;
			proxyType = 1;
			remoteGlobalIDString = 0C84077D22727444008F1AF6;
			remoteInfo = SegewayStoryBoard;
		};
/* End PBXContainerItemProxy section */

/* Begin PBXFileReference section */
		0C84077E22727444008F1AF6 /* SegewayStoryBoard.app */ = {isa = PBXFileReference; explicitFileType = wrapper.application; includeInIndex = 0; path = SegewayStoryBoard.app; sourceTree = BUILT_PRODUCTS_DIR; };
		0C84078122727444008F1AF6 /* AppDelegate.swift */ = {isa = PBXFileReference; lastKnownFileType = sourcecode.swift; path = AppDelegate.swift; sourceTree = "<group>"; };
		0C84078322727444008F1AF6 /* ViewController.swift */ = {isa = PBXFileReference; lastKnownFileType = sourcecode.swift; path = ViewController.swift; sourceTree = "<group>"; };
		0C84078622727444008F1AF6 /* Base */ = {isa = PBXFileReference; lastKnownFileType = file.storyboard; name = Base; path = Base.lproj/Main.storyboard; sourceTree = "<group>"; };
		0C84078822727445008F1AF6 /* Assets.xcassets */ = {isa = PBXFileReference; lastKnownFileType = folder.assetcatalog; path = Assets.xcassets; sourceTree = "<group>"; };
		0C84078B22727445008F1AF6 /* Base */ = {isa = PBXFileReference; lastKnownFileType = file.storyboard; name = Base; path = Base.lproj/LaunchScreen.storyboard; sourceTree = "<group>"; };
		0C84078D22727445008F1AF6 /* Info.plist */ = {isa = PBXFileReference; lastKnownFileType = text.plist.xml; path = Info.plist; sourceTree = "<group>"; };
		0C84079222727445008F1AF6 /* SegewayStoryBoardTests.xctest */ = {isa = PBXFileReference; explicitFileType = wrapper.cfbundle; includeInIndex = 0; path = SegewayStoryBoardTests.xctest; sourceTree = BUILT_PRODUCTS_DIR; };
		0C84079622727446008F1AF6 /* SegewayStoryBoardTests.swift */ = {isa = PBXFileReference; lastKnownFileType = sourcecode.swift; path = SegewayStoryBoardTests.swift; sourceTree = "<group>"; };
		0C84079822727446008F1AF6 /* Info.plist */ = {isa = PBXFileReference; lastKnownFileType = text.plist.xml; path = Info.plist; sourceTree = "<group>"; };
		0C84079D22727446008F1AF6 /* SegewayStoryBoardUITests.xctest */ = {isa = PBXFileReference; explicitFileType = wrapper.cfbundle; includeInIndex = 0; path = SegewayStoryBoardUITests.xctest; sourceTree = BUILT_PRODUCTS_DIR; };
		0C8407A122727446008F1AF6 /* SegewayStoryBoardUITests.swift */ = {isa = PBXFileReference; lastKnownFileType = sourcecode.swift; path = SegewayStoryBoardUITests.swift; sourceTree = "<group>"; };
		0C8407A322727446008F1AF6 /* Info.plist */ = {isa = PBXFileReference; lastKnownFileType = text.plist.xml; path = Info.plist; sourceTree = "<group>"; };
		0C8407AF2272769E008F1AF6 /* SubViewController.swift */ = {isa = PBXFileReference; lastKnownFileType = sourcecode.swift; path = SubViewController.swift; sourceTree = "<group>"; };
/* End PBXFileReference section */

/* Begin PBXFrameworksBuildPhase section */
		0C84077B22727444008F1AF6 /* Frameworks */ = {
			isa = PBXFrameworksBuildPhase;
			buildActionMask = 2147483647;
			files = (
			);
			runOnlyForDeploymentPostprocessing = 0;
		};
		0C84078F22727445008F1AF6 /* Frameworks */ = {
			isa = PBXFrameworksBuildPhase;
			buildActionMask = 2147483647;
			files = (
			);
			runOnlyForDeploymentPostprocessing = 0;
		};
		0C84079A22727446008F1AF6 /* Frameworks */ = {
			isa = PBXFrameworksBuildPhase;
			buildActionMask = 2147483647;
			files = (
			);
			runOnlyForDeploymentPostprocessing = 0;
		};
/* End PBXFrameworksBuildPhase section */

/* Begin PBXGroup section */
		0C84077522727444008F1AF6 = {
			isa = PBXGroup;
			children = (
				0C84078022727444008F1AF6 /* SegewayStoryBoard */,
				0C84079522727445008F1AF6 /* SegewayStoryBoardTests */,
				0C8407A022727446008F1AF6 /* SegewayStoryBoardUITests */,
				0C84077F22727444008F1AF6 /* Products */,
			);
			sourceTree = "<group>";
		};
		0C84077F22727444008F1AF6 /* Products */ = {
			isa = PBXGroup;
			children = (
				0C84077E22727444008F1AF6 /* SegewayStoryBoard.app */,
				0C84079222727445008F1AF6 /* SegewayStoryBoardTests.xctest */,
				0C84079D22727446008F1AF6 /* SegewayStoryBoardUITests.xctest */,
			);
			name = Products;
			sourceTree = "<group>";
		};
		0C84078022727444008F1AF6 /* SegewayStoryBoard */ = {
			isa = PBXGroup;
			children = (
				0C84078122727444008F1AF6 /* AppDelegate.swift */,
				0C84078322727444008F1AF6 /* ViewController.swift */,
				0C8407AF2272769E008F1AF6 /* SubViewController.swift */,
				0C84078522727444008F1AF6 /* Main.storyboard */,
				0C84078822727445008F1AF6 /* Assets.xcassets */,
				0C84078A22727445008F1AF6 /* LaunchScreen.storyboard */,
				0C84078D22727445008F1AF6 /* Info.plist */,
			);
			path = SegewayStoryBoard;
			sourceTree = "<group>";
		};
		0C84079522727445008F1AF6 /* SegewayStoryBoardTests */ = {
			isa = PBXGroup;
			children = (
				0C84079622727446008F1AF6 /* SegewayStoryBoardTests.swift */,
				0C84079822727446008F1AF6 /* Info.plist */,
			);
			path = SegewayStoryBoardTests;
			sourceTree = "<group>";
		};
		0C8407A022727446008F1AF6 /* SegewayStoryBoardUITests */ = {
			isa = PBXGroup;
			children = (
				0C8407A122727446008F1AF6 /* SegewayStoryBoardUITests.swift */,
				0C8407A322727446008F1AF6 /* Info.plist */,
			);
			path = SegewayStoryBoardUITests;
			sourceTree = "<group>";
		};
/* End PBXGroup section */

/* Begin PBXNativeTarget section */
		0C84077D22727444008F1AF6 /* SegewayStoryBoard */ = {
			isa = PBXNativeTarget;
			buildConfigurationList = 0C8407A622727446008F1AF6 /* Build configuration list for PBXNativeTarget "SegewayStoryBoard" */;
			buildPhases = (
				0C84077A22727444008F1AF6 /* Sources */,
				0C84077B22727444008F1AF6 /* Frameworks */,
				0C84077C22727444008F1AF6 /* Resources */,
			);
			buildRules = (
			);
			dependencies = (
			);
			name = SegewayStoryBoard;
			productName = SegewayStoryBoard;
			productReference = 0C84077E22727444008F1AF6 /* SegewayStoryBoard.app */;
			productType = "com.apple.product-type.application";
		};
		0C84079122727445008F1AF6 /* SegewayStoryBoardTests */ = {
			isa = PBXNativeTarget;
			buildConfigurationList = 0C8407A922727446008F1AF6 /* Build configuration list for PBXNativeTarget "SegewayStoryBoardTests" */;
			buildPhases = (
				0C84078E22727445008F1AF6 /* Sources */,
				0C84078F22727445008F1AF6 /* Frameworks */,
				0C84079022727445008F1AF6 /* Resources */,
			);
			buildRules = (
			);
			dependencies = (
				0C84079422727445008F1AF6 /* PBXTargetDependency */,
			);
			name = SegewayStoryBoardTests;
			productName = SegewayStoryBoardTests;
			productReference = 0C84079222727445008F1AF6 /* SegewayStoryBoardTests.xctest */;
			productType = "com.apple.product-type.bundle.unit-test";
		};
		0C84079C22727446008F1AF6 /* SegewayStoryBoardUITests */ = {
			isa = PBXNativeTarget;
			buildConfigurationList = 0C8407AC22727446008F1AF6 /* Build configuration list for PBXNativeTarget "SegewayStoryBoardUITests" */;
			buildPhases = (
				0C84079922727446008F1AF6 /* Sources */,
				0C84079A22727446008F1AF6 /* Frameworks */,
				0C84079B22727446008F1AF6 /* Resources */,
			);
			buildRules = (
			);
			dependencies = (
				0C84079F22727446008F1AF6 /* PBXTargetDependency */,
			);
			name = SegewayStoryBoardUITests;
			productName = SegewayStoryBoardUITests;
			productReference = 0C84079D22727446008F1AF6 /* SegewayStoryBoardUITests.xctest */;
			productType = "com.apple.product-type.bundle.ui-testing";
		};
/* End PBXNativeTarget section */

/* Begin PBXProject section */
		0C84077622727444008F1AF6 /* Project object */ = {
			isa = PBXProject;
			attributes = {
				LastSwiftUpdateCheck = 1020;
				LastUpgradeCheck = 1020;
				ORGANIZATIONNAME = "Kazuya Takahashi";
				TargetAttributes = {
					0C84077D22727444008F1AF6 = {
						CreatedOnToolsVersion = 10.2.1;
					};
					0C84079122727445008F1AF6 = {
						CreatedOnToolsVersion = 10.2.1;
						TestTargetID = 0C84077D22727444008F1AF6;
					};
					0C84079C22727446008F1AF6 = {
						CreatedOnToolsVersion = 10.2.1;
						TestTargetID = 0C84077D22727444008F1AF6;
					};
				};
			};
			buildConfigurationList = 0C84077922727444008F1AF6 /* Build configuration list for PBXProject "SegewayStoryBoard" */;
			compatibilityVersion = "Xcode 9.3";
			developmentRegion = en;
			hasScannedForEncodings = 0;
			knownRegions = (
				en,
				Base,
			);
			mainGroup = 0C84077522727444008F1AF6;
			productRefGroup = 0C84077F22727444008F1AF6 /* Products */;
			projectDirPath = "";
			projectRoot = "";
			targets = (
				0C84077D22727444008F1AF6 /* SegewayStoryBoard */,
				0C84079122727445008F1AF6 /* SegewayStoryBoardTests */,
				0C84079C22727446008F1AF6 /* SegewayStoryBoardUITests */,
			);
		};
/* End PBXProject section */

/* Begin PBXResourcesBuildPhase section */
		0C84077C22727444008F1AF6 /* Resources */ = {
			isa = PBXResourcesBuildPhase;
			buildActionMask = 2147483647;
			files = (
				0C84078C22727445008F1AF6 /* LaunchScreen.storyboard in Resources */,
				0C84078922727445008F1AF6 /* Assets.xcassets in Resources */,
				0C84078722727444008F1AF6 /* Main.storyboard in Resources */,
			);
			runOnlyForDeploymentPostprocessing = 0;
		};
		0C84079022727445008F1AF6 /* Resources */ = {
			isa = PBXResourcesBuildPhase;
			buildActionMask = 2147483647;
			files = (
			);
			runOnlyForDeploymentPostprocessing = 0;
		};
		0C84079B22727446008F1AF6 /* Resources */ = {
			isa = PBXResourcesBuildPhase;
			buildActionMask = 2147483647;
			files = (
			);
			runOnlyForDeploymentPostprocessing = 0;
		};
/* End PBXResourcesBuildPhase section */

/* Begin PBXSourcesBuildPhase section */
		0C84077A22727444008F1AF6 /* Sources */ = {
			isa = PBXSourcesBuildPhase;
			buildActionMask = 2147483647;
			files = (
				0C8407B02272769E008F1AF6 /* SubViewController.swift in Sources */,
				0C84078422727444008F1AF6 /* ViewController.swift in Sources */,
				0C84078222727444008F1AF6 /* AppDelegate.swift in Sources */,
			);
			runOnlyForDeploymentPostprocessing = 0;
		};
		0C84078E22727445008F1AF6 /* Sources */ = {
			isa = PBXSourcesBuildPhase;
			buildActionMask = 2147483647;
			files = (
				0C84079722727446008F1AF6 /* SegewayStoryBoardTests.swift in Sources */,
			);
			runOnlyForDeploymentPostprocessing = 0;
		};
		0C84079922727446008F1AF6 /* Sources */ = {
			isa = PBXSourcesBuildPhase;
			buildActionMask = 2147483647;
			files = (
				0C8407A222727446008F1AF6 /* SegewayStoryBoardUITests.swift in Sources */,
			);
			runOnlyForDeploymentPostprocessing = 0;
		};
/* End PBXSourcesBuildPhase section */

/* Begin PBXTargetDependency section */
		0C84079422727445008F1AF6 /* PBXTargetDependency */ = {
			isa = PBXTargetDependency;
			target = 0C84077D22727444008F1AF6 /* SegewayStoryBoard */;
			targetProxy = 0C84079322727445008F1AF6 /* PBXContainerItemProxy */;
		};
		0C84079F22727446008F1AF6 /* PBXTargetDependency */ = {
			isa = PBXTargetDependency;
			target = 0C84077D22727444008F1AF6 /* SegewayStoryBoard */;
			targetProxy = 0C84079E22727446008F1AF6 /* PBXContainerItemProxy */;
		};
/* End PBXTargetDependency section */

/* Begin PBXVariantGroup section */
		0C84078522727444008F1AF6 /* Main.storyboard */ = {
			isa = PBXVariantGroup;
			children = (
				0C84078622727444008F1AF6 /* Base */,
			);
			name = Main.storyboard;
			sourceTree = "<group>";
		};
		0C84078A22727445008F1AF6 /* LaunchScreen.storyboard */ = {
			isa = PBXVariantGroup;
			children = (
				0C84078B22727445008F1AF6 /* Base */,
			);
			name = LaunchScreen.storyboard;
			sourceTree = "<group>";
		};
/* End PBXVariantGroup section */

/* Begin XCBuildConfiguration section */
		0C8407A422727446008F1AF6 /* Debug */ = {
			isa = XCBuildConfiguration;
			buildSettings = {
				ALWAYS_SEARCH_USER_PATHS = NO;
				CLANG_ANALYZER_NONNULL = YES;
				CLANG_ANALYZER_NUMBER_OBJECT_CONVERSION = YES_AGGRESSIVE;
				CLANG_CXX_LANGUAGE_STANDARD = "gnu++14";
				CLANG_CXX_LIBRARY = "libc++";
				CLANG_ENABLE_MODULES = YES;
				CLANG_ENABLE_OBJC_ARC = YES;
				CLANG_ENABLE_OBJC_WEAK = YES;
				CLANG_WARN_BLOCK_CAPTURE_AUTORELEASING = YES;
				CLANG_WARN_BOOL_CONVERSION = YES;
				CLANG_WARN_COMMA = YES;
				CLANG_WARN_CONSTANT_CONVERSION = YES;
				CLANG_WARN_DEPRECATED_OBJC_IMPLEMENTATIONS = YES;
				CLANG_WARN_DIRECT_OBJC_ISA_USAGE = YES_ERROR;
				CLANG_WARN_DOCUMENTATION_COMMENTS = YES;
				CLANG_WARN_EMPTY_BODY = YES;
				CLANG_WARN_ENUM_CONVERSION = YES;
				CLANG_WARN_INFINITE_RECURSION = YES;
				CLANG_WARN_INT_CONVERSION = YES;
				CLANG_WARN_NON_LITERAL_NULL_CONVERSION = YES;
				CLANG_WARN_OBJC_IMPLICIT_RETAIN_SELF = YES;
				CLANG_WARN_OBJC_LITERAL_CONVERSION = YES;
				CLANG_WARN_OBJC_ROOT_CLASS = YES_ERROR;
				CLANG_WARN_RANGE_LOOP_ANALYSIS = YES;
				CLANG_WARN_STRICT_PROTOTYPES = YES;
				CLANG_WARN_SUSPICIOUS_MOVE = YES;
				CLANG_WARN_UNGUARDED_AVAILABILITY = YES_AGGRESSIVE;
				CLANG_WARN_UNREACHABLE_CODE = YES;
				CLANG_WARN__DUPLICATE_METHOD_MATCH = YES;
				CODE_SIGN_IDENTITY = "iPhone Developer";
				COPY_PHASE_STRIP = NO;
				DEBUG_INFORMATION_FORMAT = dwarf;
				ENABLE_STRICT_OBJC_MSGSEND = YES;
				ENABLE_TESTABILITY = YES;
				GCC_C_LANGUAGE_STANDARD = gnu11;
				GCC_DYNAMIC_NO_PIC = NO;
				GCC_NO_COMMON_BLOCKS = YES;
				GCC_OPTIMIZATION_LEVEL = 0;
				GCC_PREPROCESSOR_DEFINITIONS = (
					"DEBUG=1",
					"$(inherited)",
				);
				GCC_WARN_64_TO_32_BIT_CONVERSION = YES;
				GCC_WARN_ABOUT_RETURN_TYPE = YES_ERROR;
				GCC_WARN_UNDECLARED_SELECTOR = YES;
				GCC_WARN_UNINITIALIZED_AUTOS = YES_AGGRESSIVE;
				GCC_WARN_UNUSED_FUNCTION = YES;
				GCC_WARN_UNUSED_VARIABLE = YES;
				IPHONEOS_DEPLOYMENT_TARGET = 12.2;
				MTL_ENABLE_DEBUG_INFO = INCLUDE_SOURCE;
				MTL_FAST_MATH = YES;
				ONLY_ACTIVE_ARCH = YES;
				SDKROOT = iphoneos;
				SWIFT_ACTIVE_COMPILATION_CONDITIONS = DEBUG;
				SWIFT_OPTIMIZATION_LEVEL = "-Onone";
			};
			name = Debug;
		};
		0C8407A522727446008F1AF6 /* Release */ = {
			isa = XCBuildConfiguration;
			buildSettings = {
				ALWAYS_SEARCH_USER_PATHS = NO;
				CLANG_ANALYZER_NONNULL = YES;
				CLANG_ANALYZER_NUMBER_OBJECT_CONVERSION = YES_AGGRESSIVE;
				CLANG_CXX_LANGUAGE_STANDARD = "gnu++14";
				CLANG_CXX_LIBRARY = "libc++";
				CLANG_ENABLE_MODULES = YES;
				CLANG_ENABLE_OBJC_ARC = YES;
				CLANG_ENABLE_OBJC_WEAK = YES;
				CLANG_WARN_BLOCK_CAPTURE_AUTORELEASING = YES;
				CLANG_WARN_BOOL_CONVERSION = YES;
				CLANG_WARN_COMMA = YES;
				CLANG_WARN_CONSTANT_CONVERSION = YES;
				CLANG_WARN_DEPRECATED_OBJC_IMPLEMENTATIONS = YES;
				CLANG_WARN_DIRECT_OBJC_ISA_USAGE = YES_ERROR;
				CLANG_WARN_DOCUMENTATION_COMMENTS = YES;
				CLANG_WARN_EMPTY_BODY = YES;
				CLANG_WARN_ENUM_CONVERSION = YES;
				CLANG_WARN_INFINITE_RECURSION = YES;
				CLANG_WARN_INT_CONVERSION = YES;
				CLANG_WARN_NON_LITERAL_NULL_CONVERSION = YES;
				CLANG_WARN_OBJC_IMPLICIT_RETAIN_SELF = YES;
				CLANG_WARN_OBJC_LITERAL_CONVERSION = YES;
				CLANG_WARN_OBJC_ROOT_CLASS = YES_ERROR;
				CLANG_WARN_RANGE_LOOP_ANALYSIS = YES;
				CLANG_WARN_STRICT_PROTOTYPES = YES;
				CLANG_WARN_SUSPICIOUS_MOVE = YES;
				CLANG_WARN_UNGUARDED_AVAILABILITY = YES_AGGRESSIVE;
				CLANG_WARN_UNREACHABLE_CODE = YES;
				CLANG_WARN__DUPLICATE_METHOD_MATCH = YES;
				CODE_SIGN_IDENTITY = "iPhone Developer";
				COPY_PHASE_STRIP = NO;
				DEBUG_INFORMATION_FORMAT = "dwarf-with-dsym";
				ENABLE_NS_ASSERTIONS = NO;
				ENABLE_STRICT_OBJC_MSGSEND = YES;
				GCC_C_LANGUAGE_STANDARD = gnu11;
				GCC_NO_COMMON_BLOCKS = YES;
				GCC_WARN_64_TO_32_BIT_CONVERSION = YES;
				GCC_WARN_ABOUT_RETURN_TYPE = YES_ERROR;
				GCC_WARN_UNDECLARED_SELECTOR = YES;
				GCC_WARN_UNINITIALIZED_AUTOS = YES_AGGRESSIVE;
				GCC_WARN_UNUSED_FUNCTION = YES;
				GCC_WARN_UNUSED_VARIABLE = YES;
				IPHONEOS_DEPLOYMENT_TARGET = 12.2;
				MTL_ENABLE_DEBUG_INFO = NO;
				MTL_FAST_MATH = YES;
				SDKROOT = iphoneos;
				SWIFT_COMPILATION_MODE = wholemodule;
				SWIFT_OPTIMIZATION_LEVEL = "-O";
				VALIDATE_PRODUCT = YES;
			};
			name = Release;
		};
		0C8407A722727446008F1AF6 /* Debug */ = {
			isa = XCBuildConfiguration;
			buildSettings = {
				ASSETCATALOG_COMPILER_APPICON_NAME = AppIcon;
				CODE_SIGN_STYLE = Automatic;
				DEVELOPMENT_TEAM = FS7Z333KZ7;
				INFOPLIST_FILE = SegewayStoryBoard/Info.plist;
				LD_RUNPATH_SEARCH_PATHS = (
					"$(inherited)",
					"@executable_path/Frameworks",
				);
				PRODUCT_BUNDLE_IDENTIFIER = com.dpapp.SegewayStoryBoard;
				PRODUCT_NAME = "$(TARGET_NAME)";
				SWIFT_VERSION = 5.0;
				TARGETED_DEVICE_FAMILY = "1,2";
			};
			name = Debug;
		};
		0C8407A822727446008F1AF6 /* Release */ = {
			isa = XCBuildConfiguration;
			buildSettings = {
				ASSETCATALOG_COMPILER_APPICON_NAME = AppIcon;
				CODE_SIGN_STYLE = Automatic;
				DEVELOPMENT_TEAM = FS7Z333KZ7;
				INFOPLIST_FILE = SegewayStoryBoard/Info.plist;
				LD_RUNPATH_SEARCH_PATHS = (
					"$(inherited)",
					"@executable_path/Frameworks",
				);
				PRODUCT_BUNDLE_IDENTIFIER = com.dpapp.SegewayStoryBoard;
				PRODUCT_NAME = "$(TARGET_NAME)";
				SWIFT_VERSION = 5.0;
				TARGETED_DEVICE_FAMILY = "1,2";
			};
			name = Release;
		};
		0C8407AA22727446008F1AF6 /* Debug */ = {
			isa = XCBuildConfiguration;
			buildSettings = {
				ALWAYS_EMBED_SWIFT_STANDARD_LIBRARIES = YES;
				BUNDLE_LOADER = "$(TEST_HOST)";
				CODE_SIGN_STYLE = Automatic;
				DEVELOPMENT_TEAM = FS7Z333KZ7;
				INFOPLIST_FILE = SegewayStoryBoardTests/Info.plist;
				LD_RUNPATH_SEARCH_PATHS = (
					"$(inherited)",
					"@executable_path/Frameworks",
					"@loader_path/Frameworks",
				);
				PRODUCT_BUNDLE_IDENTIFIER = com.dpapp.SegewayStoryBoardTests;
				PRODUCT_NAME = "$(TARGET_NAME)";
				SWIFT_VERSION = 5.0;
				TARGETED_DEVICE_FAMILY = "1,2";
				TEST_HOST = "$(BUILT_PRODUCTS_DIR)/SegewayStoryBoard.app/SegewayStoryBoard";
			};
			name = Debug;
		};
		0C8407AB22727446008F1AF6 /* Release */ = {
			isa = XCBuildConfiguration;
			buildSettings = {
				ALWAYS_EMBED_SWIFT_STANDARD_LIBRARIES = YES;
				BUNDLE_LOADER = "$(TEST_HOST)";
				CODE_SIGN_STYLE = Automatic;
				DEVELOPMENT_TEAM = FS7Z333KZ7;
				INFOPLIST_FILE = SegewayStoryBoardTests/Info.plist;
				LD_RUNPATH_SEARCH_PATHS = (
					"$(inherited)",
					"@executable_path/Frameworks",
					"@loader_path/Frameworks",
				);
				PRODUCT_BUNDLE_IDENTIFIER = com.dpapp.SegewayStoryBoardTests;
				PRODUCT_NAME = "$(TARGET_NAME)";
				SWIFT_VERSION = 5.0;
				TARGETED_DEVICE_FAMILY = "1,2";
				TEST_HOST = "$(BUILT_PRODUCTS_DIR)/SegewayStoryBoard.app/SegewayStoryBoard";
			};
			name = Release;
		};
		0C8407AD22727446008F1AF6 /* Debug */ = {
			isa = XCBuildConfiguration;
			buildSettings = {
				ALWAYS_EMBED_SWIFT_STANDARD_LIBRARIES = YES;
				CODE_SIGN_STYLE = Automatic;
				DEVELOPMENT_TEAM = FS7Z333KZ7;
				INFOPLIST_FILE = SegewayStoryBoardUITests/Info.plist;
				LD_RUNPATH_SEARCH_PATHS = (
					"$(inherited)",
					"@executable_path/Frameworks",
					"@loader_path/Frameworks",
				);
				PRODUCT_BUNDLE_IDENTIFIER = com.dpapp.SegewayStoryBoardUITests;
				PRODUCT_NAME = "$(TARGET_NAME)";
				SWIFT_VERSION = 5.0;
				TARGETED_DEVICE_FAMILY = "1,2";
				TEST_TARGET_NAME = SegewayStoryBoard;
			};
			name = Debug;
		};
		0C8407AE22727446008F1AF6 /* Release */ = {
			isa = XCBuildConfiguration;
			buildSettings = {
				ALWAYS_EMBED_SWIFT_STANDARD_LIBRARIES = YES;
				CODE_SIGN_STYLE = Automatic;
				DEVELOPMENT_TEAM = FS7Z333KZ7;
				INFOPLIST_FILE = SegewayStoryBoardUITests/Info.plist;
				LD_RUNPATH_SEARCH_PATHS = (
					"$(inherited)",
					"@executable_path/Frameworks",
					"@loader_path/Frameworks",
				);
				PRODUCT_BUNDLE_IDENTIFIER = com.dpapp.SegewayStoryBoardUITests;
				PRODUCT_NAME = "$(TARGET_NAME)";
				SWIFT_VERSION = 5.0;
				TARGETED_DEVICE_FAMILY = "1,2";
				TEST_TARGET_NAME = SegewayStoryBoard;
			};
			name = Release;
		};
/* End XCBuildConfiguration section */

/* Begin XCConfigurationList section */
		0C84077922727444008F1AF6 /* Build configuration list for PBXProject "SegewayStoryBoard" */ = {
			isa = XCConfigurationList;
			buildConfigurations = (
				0C8407A422727446008F1AF6 /* Debug */,
				0C8407A522727446008F1AF6 /* Release */,
			);
			defaultConfigurationIsVisible = 0;
			defaultConfigurationName = Release;
		};
		0C8407A622727446008F1AF6 /* Build configuration list for PBXNativeTarget "SegewayStoryBoard" */ = {
			isa = XCConfigurationList;
			buildConfigurations = (
				0C8407A722727446008F1AF6 /* Debug */,
				0C8407A822727446008F1AF6 /* Release */,
			);
			defaultConfigurationIsVisible = 0;
			defaultConfigurationName = Release;
		};
		0C8407A922727446008F1AF6 /* Build configuration list for PBXNativeTarget "SegewayStoryBoardTests" */ = {
			isa = XCConfigurationList;
			buildConfigurations = (
				0C8407AA22727446008F1AF6 /* Debug */,
				0C8407AB22727446008F1AF6 /* Release */,
			);
			defaultConfigurationIsVisible = 0;
			defaultConfigurationName = Release;
		};
		0C8407AC22727446008F1AF6 /* Build configuration list for PBXNativeTarget "SegewayStoryBoardUITests" */ = {
			isa = XCConfigurationList;
			buildConfigurations = (
				0C8407AD22727446008F1AF6 /* Debug */,
				0C8407AE22727446008F1AF6 /* Release */,
			);
			defaultConfigurationIsVisible = 0;
			defaultConfigurationName = Release;
		};
/* End XCConfigurationList section */
	};
	rootObject = 0C84077622727444008F1AF6 /* Project object */;
}
